// !$*UTF8*$!
{
	archiveVersion = 1;
	classes = {
	};
	objectVersion = 50;
	objects = {

/* Begin PBXBuildFile section */
		97C44DD1212E887100A245B8 /* EditViewController.swift in Sources */ = {isa = PBXBuildFile; fileRef = 97C44DD0212E887100A245B8 /* EditViewController.swift */; };
		97EF5926212BC4CA00642E6B /* AppDelegate.swift in Sources */ = {isa = PBXBuildFile; fileRef = 97EF5925212BC4CA00642E6B /* AppDelegate.swift */; };
		97EF5928212BC4CA00642E6B /* ViewController.swift in Sources */ = {isa = PBXBuildFile; fileRef = 97EF5927212BC4CA00642E6B /* ViewController.swift */; };
		97EF592B212BC4CA00642E6B /* Main.storyboard in Resources */ = {isa = PBXBuildFile; fileRef = 97EF5929212BC4CA00642E6B /* Main.storyboard */; };
		97EF592D212BC4CC00642E6B /* Assets.xcassets in Resources */ = {isa = PBXBuildFile; fileRef = 97EF592C212BC4CC00642E6B /* Assets.xcassets */; };
		97EF5930212BC4CC00642E6B /* LaunchScreen.storyboard in Resources */ = {isa = PBXBuildFile; fileRef = 97EF592E212BC4CC00642E6B /* LaunchScreen.storyboard */; };
		97EF5939212BC97100642E6B /* DataBaseSQLite.m in Sources */ = {isa = PBXBuildFile; fileRef = 97EF5938212BC97100642E6B /* DataBaseSQLite.m */; };
		97EF593B212BCA3200642E6B /* DBWrapper.swift in Sources */ = {isa = PBXBuildFile; fileRef = 97EF593A212BCA3200642E6B /* DBWrapper.swift */; };
		97EF593D212BDC0200642E6B /* NextViewController.swift in Sources */ = {isa = PBXBuildFile; fileRef = 97EF593C212BDC0200642E6B /* NextViewController.swift */; };
/* End PBXBuildFile section */

/* Begin PBXFileReference section */
		97C44DD0212E887100A245B8 /* EditViewController.swift */ = {isa = PBXFileReference; lastKnownFileType = sourcecode.swift; path = EditViewController.swift; sourceTree = "<group>"; };
		97EF5922212BC4CA00642E6B /* SQLite(21 Aug).app */ = {isa = PBXFileReference; explicitFileType = wrapper.application; includeInIndex = 0; path = "SQLite(21 Aug).app"; sourceTree = BUILT_PRODUCTS_DIR; };
		97EF5925212BC4CA00642E6B /* AppDelegate.swift */ = {isa = PBXFileReference; lastKnownFileType = sourcecode.swift; path = AppDelegate.swift; sourceTree = "<group>"; };
		97EF5927212BC4CA00642E6B /* ViewController.swift */ = {isa = PBXFileReference; lastKnownFileType = sourcecode.swift; path = ViewController.swift; sourceTree = "<group>"; };
		97EF592A212BC4CA00642E6B /* Base */ = {isa = PBXFileReference; lastKnownFileType = file.storyboard; name = Base; path = Base.lproj/Main.storyboard; sourceTree = "<group>"; };
		97EF592C212BC4CC00642E6B /* Assets.xcassets */ = {isa = PBXFileReference; lastKnownFileType = folder.assetcatalog; path = Assets.xcassets; sourceTree = "<group>"; };
		97EF592F212BC4CC00642E6B /* Base */ = {isa = PBXFileReference; lastKnownFileType = file.storyboard; name = Base; path = Base.lproj/LaunchScreen.storyboard; sourceTree = "<group>"; };
		97EF5931212BC4CC00642E6B /* Info.plist */ = {isa = PBXFileReference; lastKnownFileType = text.plist.xml; path = Info.plist; sourceTree = "<group>"; };
		97EF5937212BC97000642E6B /* SQLite(21 Aug)-Bridging-Header.h */ = {isa = PBXFileReference; lastKnownFileType = sourcecode.c.h; path = "SQLite(21 Aug)-Bridging-Header.h"; sourceTree = "<group>"; };
		97EF5938212BC97100642E6B /* DataBaseSQLite.m */ = {isa = PBXFileReference; lastKnownFileType = sourcecode.c.objc; path = DataBaseSQLite.m; sourceTree = "<group>"; };
		97EF593A212BCA3200642E6B /* DBWrapper.swift */ = {isa = PBXFileReference; lastKnownFileType = sourcecode.swift; path = DBWrapper.swift; sourceTree = "<group>"; };
		97EF593C212BDC0200642E6B /* NextViewController.swift */ = {isa = PBXFileReference; lastKnownFileType = sourcecode.swift; path = NextViewController.swift; sourceTree = "<group>"; };
/* End PBXFileReference section */

/* Begin PBXFrameworksBuildPhase section */
		97EF591F212BC4CA00642E6B /* Frameworks */ = {
			isa = PBXFrameworksBuildPhase;
			buildActionMask = 2147483647;
			files = (
			);
			runOnlyForDeploymentPostprocessing = 0;
		};
/* End PBXFrameworksBuildPhase section */

/* Begin PBXGroup section */
		97EF5919212BC4C900642E6B = {
			isa = PBXGroup;
			children = (
				97EF5924212BC4CA00642E6B /* SQLite(21 Aug) */,
				97EF5923212BC4CA00642E6B /* Products */,
			);
			sourceTree = "<group>";
		};
		97EF5923212BC4CA00642E6B /* Products */ = {
			isa = PBXGroup;
			children = (
				97EF5922212BC4CA00642E6B /* SQLite(21 Aug).app */,
			);
			name = Products;
			sourceTree = "<group>";
		};
		97EF5924212BC4CA00642E6B /* SQLite(21 Aug) */ = {
			isa = PBXGroup;
			children = (
				97EF5925212BC4CA00642E6B /* AppDelegate.swift */,
				97EF5927212BC4CA00642E6B /* ViewController.swift */,
				97C44DD0212E887100A245B8 /* EditViewController.swift */,
				97EF5929212BC4CA00642E6B /* Main.storyboard */,
				97EF593C212BDC0200642E6B /* NextViewController.swift */,
				97EF5938212BC97100642E6B /* DataBaseSQLite.m */,
				97EF593A212BCA3200642E6B /* DBWrapper.swift */,
				97EF592C212BC4CC00642E6B /* Assets.xcassets */,
				97EF592E212BC4CC00642E6B /* LaunchScreen.storyboard */,
				97EF5931212BC4CC00642E6B /* Info.plist */,
				97EF5937212BC97000642E6B /* SQLite(21 Aug)-Bridging-Header.h */,
			);
			path = "SQLite(21 Aug)";
			sourceTree = "<group>";
		};
/* End PBXGroup section */

/* Begin PBXNativeTarget section */
		97EF5921212BC4CA00642E6B /* SQLite(21 Aug) */ = {
			isa = PBXNativeTarget;
			buildConfigurationList = 97EF5934212BC4CC00642E6B /* Build configuration list for PBXNativeTarget "SQLite(21 Aug)" */;
			buildPhases = (
				97EF591E212BC4CA00642E6B /* Sources */,
				97EF591F212BC4CA00642E6B /* Frameworks */,
				97EF5920212BC4CA00642E6B /* Resources */,
			);
			buildRules = (
			);
			dependencies = (
			);
			name = "SQLite(21 Aug)";
			productName = "SQLite(21 Aug)";
			productReference = 97EF5922212BC4CA00642E6B /* SQLite(21 Aug).app */;
			productType = "com.apple.product-type.application";
		};
/* End PBXNativeTarget section */

/* Begin PBXProject section */
		97EF591A212BC4C900642E6B /* Project object */ = {
			isa = PBXProject;
			attributes = {
				LastSwiftUpdateCheck = 0930;
				LastUpgradeCheck = 0930;
				ORGANIZATIONNAME = ra;
				TargetAttributes = {
					97EF5921212BC4CA00642E6B = {
						CreatedOnToolsVersion = 9.3.1;
						LastSwiftMigration = 0930;
					};
				};
			};
			buildConfigurationList = 97EF591D212BC4C900642E6B /* Build configuration list for PBXProject "SQLite(21 Aug)" */;
			compatibilityVersion = "Xcode 9.3";
			developmentRegion = en;
			hasScannedForEncodings = 0;
			knownRegions = (
				en,
				Base,
			);
			mainGroup = 97EF5919212BC4C900642E6B;
			productRefGroup = 97EF5923212BC4CA00642E6B /* Products */;
			projectDirPath = "";
			projectRoot = "";
			targets = (
				97EF5921212BC4CA00642E6B /* SQLite(21 Aug) */,
			);
		};
/* End PBXProject section */

/* Begin PBXResourcesBuildPhase section */
		97EF5920212BC4CA00642E6B /* Resources */ = {
			isa = PBXResourcesBuildPhase;
			buildActionMask = 2147483647;
			files = (
				97EF5930212BC4CC00642E6B /* LaunchScreen.storyboard in Resources */,
				97EF592D212BC4CC00642E6B /* Assets.xcassets in Resources */,
				97EF592B212BC4CA00642E6B /* Main.storyboard in Resources */,
			);
			runOnlyForDeploymentPostprocessing = 0;
		};
/* End PBXResourcesBuildPhase section */

/* Begin PBXSourcesBuildPhase section */
		97EF591E212BC4CA00642E6B /* Sources */ = {
			isa = PBXSourcesBuildPhase;
			buildActionMask = 2147483647;
			files = (
				97EF593D212BDC0200642E6B /* NextViewController.swift in Sources */,
				97EF5928212BC4CA00642E6B /* ViewController.swift in Sources */,
				97C44DD1212E887100A245B8 /* EditViewController.swift in Sources */,
				97EF593B212BCA3200642E6B /* DBWrapper.swift in Sources */,
				97EF5926212BC4CA00642E6B /* AppDelegate.swift in Sources */,
				97EF5939212BC97100642E6B /* DataBaseSQLite.m in Sources */,
			);
			runOnlyForDeploymentPostprocessing = 0;
		};
/* End PBXSourcesBuildPhase section */

/* Begin PBXVariantGroup section */
		97EF5929212BC4CA00642E6B /* Main.storyboard */ = {
			isa = PBXVariantGroup;
			children = (
				97EF592A212BC4CA00642E6B /* Base */,
			);
			name = Main.storyboard;
			sourceTree = "<group>";
		};
		97EF592E212BC4CC00642E6B /* LaunchScreen.storyboard */ = {
			isa = PBXVariantGroup;
			children = (
				97EF592F212BC4CC00642E6B /* Base */,
			);
			name = LaunchScreen.storyboard;
			sourceTree = "<group>";
		};
/* End PBXVariantGroup section */

/* Begin XCBuildConfiguration section */
		97EF5932212BC4CC00642E6B /* Debug */ = {
			isa = XCBuildConfiguration;
			buildSettings = {
				ALWAYS_SEARCH_USER_PATHS = NO;
				CLANG_ANALYZER_NONNULL = YES;
				CLANG_ANALYZER_NUMBER_OBJECT_CONVERSION = YES_AGGRESSIVE;
				CLANG_CXX_LANGUAGE_STANDARD = "gnu++14";
				CLANG_CXX_LIBRARY = "libc++";
				CLANG_ENABLE_MODULES = YES;
				CLANG_ENABLE_OBJC_ARC = YES;
				CLANG_ENABLE_OBJC_WEAK = YES;
				CLANG_WARN_BLOCK_CAPTURE_AUTORELEASING = YES;
				CLANG_WARN_BOOL_CONVERSION = YES;
				CLANG_WARN_COMMA = YES;
				CLANG_WARN_CONSTANT_CONVERSION = YES;
				CLANG_WARN_DEPRECATED_OBJC_IMPLEMENTATIONS = YES;
				CLANG_WARN_DIRECT_OBJC_ISA_USAGE = YES_ERROR;
				CLANG_WARN_DOCUMENTATION_COMMENTS = YES;
				CLANG_WARN_EMPTY_BODY = YES;
				CLANG_WARN_ENUM_CONVERSION = YES;
				CLANG_WARN_INFINITE_RECURSION = YES;
				CLANG_WARN_INT_CONVERSION = YES;
				CLANG_WARN_NON_LITERAL_NULL_CONVERSION = YES;
				CLANG_WARN_OBJC_IMPLICIT_RETAIN_SELF = YES;
				CLANG_WARN_OBJC_LITERAL_CONVERSION = YES;
				CLANG_WARN_OBJC_ROOT_CLASS = YES_ERROR;
				CLANG_WARN_RANGE_LOOP_ANALYSIS = YES;
				CLANG_WARN_STRICT_PROTOTYPES = YES;
				CLANG_WARN_SUSPICIOUS_MOVE = YES;
				CLANG_WARN_UNGUARDED_AVAILABILITY = YES_AGGRESSIVE;
				CLANG_WARN_UNREACHABLE_CODE = YES;
				CLANG_WARN__DUPLICATE_METHOD_MATCH = YES;
				CODE_SIGN_IDENTITY = "iPhone Developer";
				COPY_PHASE_STRIP = NO;
				DEBUG_INFORMATION_FORMAT = dwarf;
				ENABLE_STRICT_OBJC_MSGSEND = YES;
				ENABLE_TESTABILITY = YES;
				GCC_C_LANGUAGE_STANDARD = gnu11;
				GCC_DYNAMIC_NO_PIC = NO;
				GCC_NO_COMMON_BLOCKS = YES;
				GCC_OPTIMIZATION_LEVEL = 0;
				GCC_PREPROCESSOR_DEFINITIONS = (
					"DEBUG=1",
					"$(inherited)",
				);
				GCC_WARN_64_TO_32_BIT_CONVERSION = YES;
				GCC_WARN_ABOUT_RETURN_TYPE = YES_ERROR;
				GCC_WARN_UNDECLARED_SELECTOR = YES;
				GCC_WARN_UNINITIALIZED_AUTOS = YES_AGGRESSIVE;
				GCC_WARN_UNUSED_FUNCTION = YES;
				GCC_WARN_UNUSED_VARIABLE = YES;
				IPHONEOS_DEPLOYMENT_TARGET = 11.3;
				MTL_ENABLE_DEBUG_INFO = YES;
				ONLY_ACTIVE_ARCH = YES;
				SDKROOT = iphoneos;
				SWIFT_ACTIVE_COMPILATION_CONDITIONS = DEBUG;
				SWIFT_OPTIMIZATION_LEVEL = "-Onone";
			};
			name = Debug;
		};
		97EF5933212BC4CC00642E6B /* Release */ = {
			isa = XCBuildConfiguration;
			buildSettings = {
				ALWAYS_SEARCH_USER_PATHS = NO;
				CLANG_ANALYZER_NONNULL = YES;
				CLANG_ANALYZER_NUMBER_OBJECT_CONVERSION = YES_AGGRESSIVE;
				CLANG_CXX_LANGUAGE_STANDARD = "gnu++14";
				CLANG_CXX_LIBRARY = "libc++";
				CLANG_ENABLE_MODULES = YES;
				CLANG_ENABLE_OBJC_ARC = YES;
				CLANG_ENABLE_OBJC_WEAK = YES;
				CLANG_WARN_BLOCK_CAPTURE_AUTORELEASING = YES;
				CLANG_WARN_BOOL_CONVERSION = YES;
				CLANG_WARN_COMMA = YES;
				CLANG_WARN_CONSTANT_CONVERSION = YES;
				CLANG_WARN_DEPRECATED_OBJC_IMPLEMENTATIONS = YES;
				CLANG_WARN_DIRECT_OBJC_ISA_USAGE = YES_ERROR;
				CLANG_WARN_DOCUMENTATION_COMMENTS = YES;
				CLANG_WARN_EMPTY_BODY = YES;
				CLANG_WARN_ENUM_CONVERSION = YES;
				CLANG_WARN_INFINITE_RECURSION = YES;
				CLANG_WARN_INT_CONVERSION = YES;
				CLANG_WARN_NON_LITERAL_NULL_CONVERSION = YES;
				CLANG_WARN_OBJC_IMPLICIT_RETAIN_SELF = YES;
				CLANG_WARN_OBJC_LITERAL_CONVERSION = YES;
				CLANG_WARN_OBJC_ROOT_CLASS = YES_ERROR;
				CLANG_WARN_RANGE_LOOP_ANALYSIS = YES;
				CLANG_WARN_STRICT_PROTOTYPES = YES;
				CLANG_WARN_SUSPICIOUS_MOVE = YES;
				CLANG_WARN_UNGUARDED_AVAILABILITY = YES_AGGRESSIVE;
				CLANG_WARN_UNREACHABLE_CODE = YES;
				CLANG_WARN__DUPLICATE_METHOD_MATCH = YES;
				CODE_SIGN_IDENTITY = "iPhone Developer";
				COPY_PHASE_STRIP = NO;
				DEBUG_INFORMATION_FORMAT = "dwarf-with-dsym";
				ENABLE_NS_ASSERTIONS = NO;
				ENABLE_STRICT_OBJC_MSGSEND = YES;
				GCC_C_LANGUAGE_STANDARD = gnu11;
				GCC_NO_COMMON_BLOCKS = YES;
				GCC_WARN_64_TO_32_BIT_CONVERSION = YES;
				GCC_WARN_ABOUT_RETURN_TYPE = YES_ERROR;
				GCC_WARN_UNDECLARED_SELECTOR = YES;
				GCC_WARN_UNINITIALIZED_AUTOS = YES_AGGRESSIVE;
				GCC_WARN_UNUSED_FUNCTION = YES;
				GCC_WARN_UNUSED_VARIABLE = YES;
				IPHONEOS_DEPLOYMENT_TARGET = 11.3;
				MTL_ENABLE_DEBUG_INFO = NO;
				SDKROOT = iphoneos;
				SWIFT_COMPILATION_MODE = wholemodule;
				SWIFT_OPTIMIZATION_LEVEL = "-O";
				VALIDATE_PRODUCT = YES;
			};
			name = Release;
		};
		97EF5935212BC4CC00642E6B /* Debug */ = {
			isa = XCBuildConfiguration;
			buildSettings = {
				ASSETCATALOG_COMPILER_APPICON_NAME = AppIcon;
				CLANG_ENABLE_MODULES = YES;
				CODE_SIGN_STYLE = Automatic;
				INFOPLIST_FILE = "SQLite(21 Aug)/Info.plist";
				LD_RUNPATH_SEARCH_PATHS = (
					"$(inherited)",
					"@executable_path/Frameworks",
				);
				PRODUCT_BUNDLE_IDENTIFIER = "ra.SQLite-21-Aug-";
				PRODUCT_NAME = "$(TARGET_NAME)";
				SWIFT_OBJC_BRIDGING_HEADER = "SQLite(21 Aug)/SQLite(21 Aug)-Bridging-Header.h";
				SWIFT_OPTIMIZATION_LEVEL = "-Onone";
				SWIFT_VERSION = 4.0;
				TARGETED_DEVICE_FAMILY = "1,2";
			};
			name = Debug;
		};
		97EF5936212BC4CC00642E6B /* Release */ = {
			isa = XCBuildConfiguration;
			buildSettings = {
				ASSETCATALOG_COMPILER_APPICON_NAME = AppIcon;
				CLANG_ENABLE_MODULES = YES;
				CODE_SIGN_STYLE = Automatic;
				INFOPLIST_FILE = "SQLite(21 Aug)/Info.plist";
				LD_RUNPATH_SEARCH_PATHS = (
					"$(inherited)",
					"@executable_path/Frameworks",
				);
				PRODUCT_BUNDLE_IDENTIFIER = "ra.SQLite-21-Aug-";
				PRODUCT_NAME = "$(TARGET_NAME)";
				SWIFT_OBJC_BRIDGING_HEADER = "SQLite(21 Aug)/SQLite(21 Aug)-Bridging-Header.h";
				SWIFT_VERSION = 4.0;
				TARGETED_DEVICE_FAMILY = "1,2";
			};
			name = Release;
		};
/* End XCBuildConfiguration section */

/* Begin XCConfigurationList section */
		97EF591D212BC4C900642E6B /* Build configuration list for PBXProject "SQLite(21 Aug)" */ = {
			isa = XCConfigurationList;
			buildConfigurations = (
				97EF5932212BC4CC00642E6B /* Debug */,
				97EF5933212BC4CC00642E6B /* Release */,
			);
			defaultConfigurationIsVisible = 0;
			defaultConfigurationName = Release;
		};
		97EF5934212BC4CC00642E6B /* Build configuration list for PBXNativeTarget "SQLite(21 Aug)" */ = {
			isa = XCConfigurationList;
			buildConfigurations = (
				97EF5935212BC4CC00642E6B /* Debug */,
				97EF5936212BC4CC00642E6B /* Release */,
			);
			defaultConfigurationIsVisible = 0;
			defaultConfigurationName = Release;
		};
/* End XCConfigurationList section */
	};
	rootObject = 97EF591A212BC4C900642E6B /* Project object */;
}
